<?xml version="1.0" encoding="utf-8"?>
<Project ToolsVersion="4.0" xmlns="http://schemas.microsoft.com/developer/msbuild/2003">
  <ItemGroup>
    <Filter Include="Source Files">
      <UniqueIdentifier>{4FC737F1-C7A5-4376-A066-2A32D752A2FF}</UniqueIdentifier>
      <Extensions>cpp;c;cc;cxx;c++;cppm;ixx;def;odl;idl;hpj;bat;asm;asmx</Extensions>
    </Filter>
    <Filter Include="Header Files">
      <UniqueIdentifier>{93995380-89BD-4b04-88EB-625FBE52EBFB}</UniqueIdentifier>
      <Extensions>h;hh;hpp;hxx;h++;hm;inl;inc;ipp;xsd</Extensions>
    </Filter>
    <Filter Include="Resource Files">
      <UniqueIdentifier>{67DA6AB6-F800-4c08-8B7A-83BB121AAD01}</UniqueIdentifier>
      <Extensions>rc;ico;cur;bmp;dlg;rc2;rct;bin;rgs;gif;jpg;jpeg;jpe;resx;tiff;tif;png;wav;mfcribbon-ms</Extensions>
    </Filter>
    <Filter Include="Resource Files\shaders">
      <UniqueIdentifier>{091859f6-e469-4bd9-82a6-c8701a40e738}</UniqueIdentifier>
    </Filter>
    <Filter Include="Header Files\Vulkan Engine">
      <UniqueIdentifier>{6e76af66-4f86-4ccc-929e-f2eea7341735}</UniqueIdentifier>
    </Filter>
    <Filter Include="Header Files\Game Objects">
      <UniqueIdentifier>{92ba5376-57ad-44e0-b4a3-22eef3662c8d}</UniqueIdentifier>
    </Filter>
    <Filter Include="Resource Files\bin">
      <UniqueIdentifier>{58674cf3-8f57-4960-9526-4a1548ba70ef}</UniqueIdentifier>
    </Filter>
    <Filter Include="Resource Files\shaders\glsl">
      <UniqueIdentifier>{8133d8c2-80f0-4827-9551-2230742f1eb0}</UniqueIdentifier>
    </Filter>
    <Filter Include="Resource Files\shaders\hlsl">
      <UniqueIdentifier>{602a3008-42c8-4f87-b1de-dec27e3bf9f4}</UniqueIdentifier>
    </Filter>
    <Filter Include="Source Files\Vulkan">
      <UniqueIdentifier>{00709f71-0a9d-4028-a220-5314c34d4dc3}</UniqueIdentifier>
    </Filter>
    <Filter Include="Source Files\Game Objects">
      <UniqueIdentifier>{9b80c096-aff3-4fb8-bbb6-d2c584672ce9}</UniqueIdentifier>
    </Filter>
    <Filter Include="Header Files\Vulkan Engine\Rendering">
      <UniqueIdentifier>{c9724977-63c5-4eeb-8f63-87a9f37c2e9b}</UniqueIdentifier>
    </Filter>
    <Filter Include="Header Files\Vulkan Engine\Pipelines">
      <UniqueIdentifier>{9e49a174-c2c9-4184-94ff-c49a042a6dd7}</UniqueIdentifier>
    </Filter>
    <Filter Include="Source Files\Vulkan\Pipeline">
      <UniqueIdentifier>{52c0d689-4014-4a72-b900-f5dc8e2c60a6}</UniqueIdentifier>
    </Filter>
    <Filter Include="Header Files\Vulkan Engine\Base">
      <UniqueIdentifier>{0d66df48-ebe7-4318-88c8-babd663720e7}</UniqueIdentifier>
    </Filter>
    <Filter Include="Header Files\Vulkan Engine\Utilities">
      <UniqueIdentifier>{15f825e9-e837-4e82-811e-0e1345af6318}</UniqueIdentifier>
    </Filter>
    <Filter Include="Source Files\Vulkan\Base">
      <UniqueIdentifier>{fef743bc-a699-45da-ba93-abe938d2a553}</UniqueIdentifier>
    </Filter>
    <Filter Include="Source Files\Vulkan\Rendering">
      <UniqueIdentifier>{6382b0f2-670e-4594-b4fd-59e52797fe1e}</UniqueIdentifier>
    </Filter>
    <Filter Include="Header Files\Vulkan Engine\Descriptors">
      <UniqueIdentifier>{67b7fe29-fd72-4b28-bb4d-b283ecbb66f9}</UniqueIdentifier>
    </Filter>
    <Filter Include="Source Files\Vulkan\Utilities">
      <UniqueIdentifier>{0b861e1b-fa49-447b-940d-e81e626f2ab8}</UniqueIdentifier>
    </Filter>
    <Filter Include="Source Files\Vulkan\Descriptors">
      <UniqueIdentifier>{2f463458-b94e-4e31-8c87-57a9041b4d2f}</UniqueIdentifier>
    </Filter>
    <Filter Include="Header Files\Scenes">
      <UniqueIdentifier>{09c6afb1-a010-4172-b5d7-92a424cbe83a}</UniqueIdentifier>
    </Filter>
    <Filter Include="Resource Files\shaders\glsl\Instanced">
      <UniqueIdentifier>{817ebb49-e62f-4307-939d-4087961a9517}</UniqueIdentifier>
    </Filter>
    <Filter Include="Resource Files\shaders\glsl\Plane">
      <UniqueIdentifier>{df8650ff-ac8f-4d0f-ac52-208c40e2b69d}</UniqueIdentifier>
    </Filter>
    <Filter Include="Resource Files\shaders\glsl\Point">
      <UniqueIdentifier>{805ea506-0c80-4c50-8612-f2019a3dba9d}</UniqueIdentifier>
    </Filter>
    <Filter Include="Resource Files\shaders\glsl\PriceChart">
      <UniqueIdentifier>{38c8d819-7289-44fd-a54e-fc75784a5c39}</UniqueIdentifier>
    </Filter>
    <Filter Include="Resource Files\shaders\glsl\Machine Learning">
      <UniqueIdentifier>{d5f05f5b-86f2-4c7e-8779-51478c08389d}</UniqueIdentifier>
    </Filter>
    <Filter Include="Header Files\AI">
      <UniqueIdentifier>{74487fc3-fa4b-4433-9b59-25fdd99d0971}</UniqueIdentifier>
    </Filter>
    <Filter Include="Resource Files\shaders\glsl\Base">
      <UniqueIdentifier>{35f5c214-9117-4795-965e-f6d5c1f8c48c}</UniqueIdentifier>
    </Filter>
    <Filter Include="Resource Files\shaders\glsl\Icosphere">
      <UniqueIdentifier>{3e09999e-8a3e-4bd5-ac82-d5fd88dbcf53}</UniqueIdentifier>
    </Filter>
    <Filter Include="Header Files\Utilities">
      <UniqueIdentifier>{9924f304-d0ee-4a78-9612-0c6c19b3f881}</UniqueIdentifier>
    </Filter>
  </ItemGroup>
  <ItemGroup>
    <ClCompile Include="main.cpp">
      <Filter>Source Files</Filter>
    </ClCompile>
    <ClCompile Include="vk.shader.cpp">
      <Filter>Source Files\Vulkan\Pipeline</Filter>
    </ClCompile>
    <ClCompile Include="vk.gpu.cpp">
      <Filter>Source Files\Vulkan\Base</Filter>
    </ClCompile>
    <ClCompile Include="vk.instance.cpp">
      <Filter>Source Files\Vulkan\Base</Filter>
    </ClCompile>
    <ClCompile Include="vk.swapchain.cpp">
      <Filter>Source Files\Vulkan\Rendering</Filter>
    </ClCompile>
    <ClCompile Include="vk.image.cpp">
      <Filter>Source Files\Vulkan\Rendering</Filter>
    </ClCompile>
    <ClCompile Include="vk.compute.cpp">
      <Filter>Source Files\Vulkan\Pipeline</Filter>
    </ClCompile>
    <ClCompile Include="Mesh.cpp">
      <Filter>Source Files\Game Objects</Filter>
    </ClCompile>
    <ClCompile Include="vk.pipeline.cpp">
      <Filter>Source Files\Vulkan\Pipeline</Filter>
    </ClCompile>
    <ClCompile Include="vk.textures.cpp">
      <Filter>Source Files\Vulkan\Descriptors</Filter>
    </ClCompile>
    <ClCompile Include="Camera.cpp">
      <Filter>Source Files\Game Objects</Filter>
    </ClCompile>
    <ClCompile Include="vk.buffers.cpp">
      <Filter>Source Files\Vulkan\Utilities</Filter>
    </ClCompile>
    <ClCompile Include="Collision.cpp">
      <Filter>Source Files\Game Objects</Filter>
    </ClCompile>
    <ClCompile Include="Geometry.cpp">
      <Filter>Source Files\Game Objects</Filter>
    </ClCompile>
  </ItemGroup>
  <ItemGroup>
    <None Include="bin\shader_log.bin">
      <Filter>Resource Files\bin</Filter>
    </None>
    <None Include="shaders\glsl\vertex.frag">
      <Filter>Resource Files\shaders\glsl</Filter>
    </None>
    <None Include="shaders\glsl\vertex.vert">
      <Filter>Resource Files\shaders\glsl</Filter>
    </None>
    <None Include="shaders\glsl\instanced.vert">
      <Filter>Resource Files\shaders\glsl\Instanced</Filter>
    </None>
    <None Include="shaders\glsl\instanced.frag">
      <Filter>Resource Files\shaders\glsl\Instanced</Filter>
    </None>
    <None Include="shaders\glsl\plane.vert">
      <Filter>Resource Files\shaders\glsl\Plane</Filter>
    </None>
    <None Include="shaders\glsl\plane.comp">
      <Filter>Resource Files\shaders\glsl\Plane</Filter>
    </None>
    <None Include="shaders\glsl\plane.frag">
      <Filter>Resource Files\shaders\glsl\Plane</Filter>
    </None>
    <None Include="shaders\glsl\point.comp">
      <Filter>Resource Files\shaders\glsl\Point</Filter>
    </None>
    <None Include="shaders\glsl\point.vert">
      <Filter>Resource Files\shaders\glsl\Point</Filter>
    </None>
    <None Include="shaders\glsl\point.frag">
      <Filter>Resource Files\shaders\glsl\Point</Filter>
    </None>
    <None Include="shaders\glsl\price.vert">
      <Filter>Resource Files\shaders\glsl\PriceChart</Filter>
    </None>
    <None Include="shaders\glsl\price.frag">
      <Filter>Resource Files\shaders\glsl\PriceChart</Filter>
    </None>
    <None Include="shaders\glsl\price.comp">
      <Filter>Resource Files\shaders\glsl\PriceChart</Filter>
    </None>
    <None Include="shaders\glsl\ML.comp">
      <Filter>Resource Files\shaders\glsl\Machine Learning</Filter>
    </None>
    <None Include="packages.config" />
    <None Include="debugNormal.geom">
      <Filter>Resource Files\shaders\glsl\Base</Filter>
    </None>
    <None Include="shaders\glsl\base.vert">
      <Filter>Resource Files\shaders\glsl\Base</Filter>
    </None>
    <None Include="shaders\glsl\base.frag">
      <Filter>Resource Files\shaders\glsl\Base</Filter>
    </None>
    <None Include="shaders\glsl\ico.frag">
      <Filter>Resource Files\shaders\glsl\Icosphere</Filter>
    </None>
    <None Include="shaders\glsl\ico.vert">
      <Filter>Resource Files\shaders\glsl\Icosphere</Filter>
    </None>
  </ItemGroup>
  <ItemGroup>
    <ClInclude Include="Camera.h">
      <Filter>Header Files\Game Objects</Filter>
    </ClInclude>
    <ClInclude Include="Mesh.h">
      <Filter>Header Files\Game Objects</Filter>
    </ClInclude>
    <ClInclude Include="Octree.h">
      <Filter>Header Files\Game Objects</Filter>
    </ClInclude>
    <ClInclude Include="Scene.h">
      <Filter>Header Files\Game Objects</Filter>
    </ClInclude>
    <ClInclude Include="vk.graphics.h">
      <Filter>Header Files\Vulkan Engine\Pipelines</Filter>
    </ClInclude>
    <ClInclude Include="vk.shader.h">
      <Filter>Header Files\Vulkan Engine\Pipelines</Filter>
    </ClInclude>
    <ClInclude Include="vk.swapchain.h">
      <Filter>Header Files\Vulkan Engine\Rendering</Filter>
    </ClInclude>
    <ClInclude Include="vk.engine.h">
      <Filter>Header Files\Vulkan Engine\Rendering</Filter>
    </ClInclude>
    <ClInclude Include="vk.instance.h">
      <Filter>Header Files\Vulkan Engine\Base</Filter>
    </ClInclude>
    <ClInclude Include="vk.gpu.h">
      <Filter>Header Files\Vulkan Engine\Base</Filter>
    </ClInclude>
    <ClInclude Include="vk.image.h">
      <Filter>Header Files\Vulkan Engine\Rendering</Filter>
    </ClInclude>
    <ClInclude Include="vk.buffers.h">
      <Filter>Header Files\Vulkan Engine\Utilities</Filter>
    </ClInclude>
    <ClInclude Include="vk.cpu.h">
      <Filter>Header Files\Vulkan Engine\Utilities</Filter>
    </ClInclude>
    <ClInclude Include="vk.compute.h">
      <Filter>Header Files\Vulkan Engine\Pipelines</Filter>
    </ClInclude>
    <ClInclude Include="vk.pipeline.h">
      <Filter>Header Files\Vulkan Engine\Pipelines</Filter>
    </ClInclude>
    <ClInclude Include="vk.graphics.ipp">
      <Filter>Source Files\Vulkan\Pipeline</Filter>
    </ClInclude>
    <ClInclude Include="vk.ssbo.h">
      <Filter>Header Files\Vulkan Engine\Descriptors</Filter>
    </ClInclude>
    <ClInclude Include="..\Vk-Ultra Library\Vk-Ultra\vk.ssbo.ipp">
      <Filter>Source Files\Vulkan\Descriptors</Filter>
    </ClInclude>
    <ClInclude Include="descriptors.h">
      <Filter>Header Files\Vulkan Engine\Descriptors</Filter>
    </ClInclude>
    <ClInclude Include="vk.textures.h">
      <Filter>Header Files\Vulkan Engine\Descriptors</Filter>
    </ClInclude>
    <ClInclude Include="vk.ubo.h">
      <Filter>Header Files\Vulkan Engine\Descriptors</Filter>
    </ClInclude>
    <ClInclude Include="vk.ubo.ipp">
      <Filter>Source Files\Vulkan\Descriptors</Filter>
    </ClInclude>
    <ClInclude Include="OctreeSet.h">
      <Filter>Header Files\Scenes</Filter>
    </ClInclude>
    <ClInclude Include="Plane.h">
      <Filter>Header Files\Scenes</Filter>
    </ClInclude>
    <ClInclude Include="PlankSet.h">
      <Filter>Header Files\Scenes</Filter>
    </ClInclude>
    <ClInclude Include="Particles.h">
      <Filter>Header Files\Scenes</Filter>
    </ClInclude>
    <ClInclude Include="neuronIndexer.h">
      <Filter>Header Files\AI</Filter>
    </ClInclude>
    <ClInclude Include="Collision.h">
      <Filter>Header Files\Game Objects</Filter>
    </ClInclude>
    <ClInclude Include="Icosahedron.h">
      <Filter>Header Files\Scenes</Filter>
    </ClInclude>
    <ClInclude Include="vk.primitives.h">
      <Filter>Header Files\Vulkan Engine\Rendering</Filter>
    </ClInclude>
    <ClInclude Include="Geometry.h">
      <Filter>Header Files\Game Objects</Filter>
    </ClInclude>
    <ClInclude Include="Utilities.h">
      <Filter>Header Files\Utilities</Filter>
    </ClInclude>
    <ClInclude Include="Planet.h">
      <Filter>Header Files\Game Objects</Filter>
    </ClInclude>
  </ItemGroup>
  <ItemGroup>
    <FxCompile Include="shaders\hlsl\vertex_vert.hlsl">
      <Filter>Resource Files\shaders\hlsl</Filter>
    </FxCompile>
    <FxCompile Include="shaders\hlsl\vertex_frag.hlsl">
      <Filter>Resource Files\shaders\hlsl</Filter>
    </FxCompile>
    <FxCompile Include="shaders\hlsl\plane_vert.hlsl">
      <Filter>Resource Files\shaders\hlsl</Filter>
    </FxCompile>
    <FxCompile Include="shaders\hlsl\plane_frag.hlsl">
      <Filter>Resource Files\shaders\hlsl</Filter>
    </FxCompile>
    <FxCompile Include="shaders\hlsl\instanced_frag.hlsl">
      <Filter>Resource Files\shaders\hlsl</Filter>
    </FxCompile>
    <FxCompile Include="shaders\hlsl\instanced_vert.hlsl">
      <Filter>Resource Files\shaders\hlsl</Filter>
    </FxCompile>
  </ItemGroup>
</Project>