<?xml version="1.0" encoding="utf-8"?>
<Project ToolsVersion="4.0" xmlns="http://schemas.microsoft.com/developer/msbuild/2003">
  <ItemGroup>
    <Filter Include="Source Files">
      <UniqueIdentifier>{4FC737F1-C7A5-4376-A066-2A32D752A2FF}</UniqueIdentifier>
      <Extensions>cpp;c;cc;cxx;def;odl;idl;hpj;bat;asm;asmx</Extensions>
    </Filter>
    <Filter Include="Header Files">
      <UniqueIdentifier>{93995380-89BD-4b04-88EB-625FBE52EBFB}</UniqueIdentifier>
      <Extensions>h;hh;hpp;hxx;hm;inl;inc;xsd</Extensions>
    </Filter>
    <Filter Include="Resource Files">
      <UniqueIdentifier>{67DA6AB6-F800-4c08-8B7A-83BB121AAD01}</UniqueIdentifier>
      <Extensions>rc;ico;cur;bmp;dlg;rc2;rct;bin;rgs;gif;jpg;jpeg;jpe;resx;tiff;tif;png;wav</Extensions>
    </Filter>
  </ItemGroup>
  <ItemGroup>
    <ClCompile Include="main.cpp">
      <Filter>Source Files</Filter>
    </ClCompile>
    <ClCompile Include="vk.descriptors.cpp">
      <Filter>Source Files</Filter>
    </ClCompile>
  </ItemGroup>
  <ItemGroup>
    <ClInclude Include="bufferObjects.h">
      <Filter>Header Files</Filter>
    </ClInclude>
    <ClInclude Include="Camera.h">
      <Filter>Header Files</Filter>
    </ClInclude>
    <ClInclude Include="descriptors.h">
      <Filter>Header Files</Filter>
    </ClInclude>
    <ClInclude Include="fileSystem.h">
      <Filter>Header Files</Filter>
    </ClInclude>
    <ClInclude Include="file_system.h">
      <Filter>Header Files</Filter>
    </ClInclude>
    <ClInclude Include="helperFunc.h">
      <Filter>Header Files</Filter>
    </ClInclude>
    <ClInclude Include="Model.h">
      <Filter>Header Files</Filter>
    </ClInclude>
    <ClInclude Include="Octree.h">
      <Filter>Header Files</Filter>
    </ClInclude>
    <ClInclude Include="PhysX.h">
      <Filter>Header Files</Filter>
    </ClInclude>
    <ClInclude Include="SSBO.h">
      <Filter>Header Files</Filter>
    </ClInclude>
    <ClInclude Include="tutorialapp.h">
      <Filter>Header Files</Filter>
    </ClInclude>
    <ClInclude Include="UBO.h">
      <Filter>Header Files</Filter>
    </ClInclude>
    <ClInclude Include="vk.descriptors.h">
      <Filter>Header Files</Filter>
    </ClInclude>
    <ClInclude Include="VulkanAPI.h">
      <Filter>Header Files</Filter>
    </ClInclude>
    <ClInclude Include="VulkanCPU.h">
      <Filter>Header Files</Filter>
    </ClInclude>
    <ClInclude Include="VulkanEngine.h">
      <Filter>Header Files</Filter>
    </ClInclude>
    <ClInclude Include="VulkanGPL.h">
      <Filter>Header Files</Filter>
    </ClInclude>
    <ClInclude Include="VulkanGPU.h">
      <Filter>Header Files</Filter>
    </ClInclude>
  </ItemGroup>
  <ItemGroup>
    <None Include="bin\shader_log.bin">
      <Filter>Resource Files</Filter>
    </None>
  </ItemGroup>
</Project>